
Microsoft Visual Studio Solution File, Format Version 12.00
# Visual Studio Version 17
VisualStudioVersion = 17.2.32630.192
MinimumVisualStudioVersion = 10.0.40219.1
Project("{9A19103F-16F7-4668-BE54-9A1E7A4F7556}") = "Developist.Extensions.Logging.Log4Net", "Developist.Extensions.Logging.Log4Net\Developist.Extensions.Logging.Log4Net.csproj", "{51519ACD-781E-4F2D-87E0-E967E5DE0FF9}"
EndProject
Project("{2150E333-8FDC-42A3-9474-1A3956D46DE8}") = "Solution Items", "Solution Items", "{4B91CF62-AFC0-4154-AAC8-428D30ED2CA9}"
	ProjectSection(SolutionItems) = preProject
		Directory.Build.props = Directory.Build.props
	EndProjectSection
EndProject
Global
	GlobalSection(SolutionConfigurationPlatforms) = preSolution
		Debug|Any CPU = Debug|Any CPU
		Release|Any CPU = Release|Any CPU
	EndGlobalSection
	GlobalSection(ProjectConfigurationPlatforms) = postSolution
		{51519ACD-781E-4F2D-87E0-E967E5DE0FF9}.Debug|Any CPU.ActiveCfg = Debug|Any CPU
		{51519ACD-781E-4F2D-87E0-E967E5DE0FF9}.Debug|Any CPU.Build.0 = Debug|Any CPU
		{51519ACD-781E-4F2D-87E0-E967E5DE0FF9}.Release|Any CPU.ActiveCfg = Release|Any CPU
		{51519ACD-781E-4F2D-87E0-E967E5DE0FF9}.Release|Any CPU.Build.0 = Release|Any CPU
	EndGlobalSection
	GlobalSection(SolutionProperties) = preSolution
		HideSolutionNode = FALSE
	EndGlobalSection
	GlobalSection(ExtensibilityGlobals) = postSolution
		SolutionGuid = {B436484F-61DB-418A-8BCA-E8D09ED78AE1}
	EndGlobalSection
EndGlobal
